
Microsoft Visual Studio Solution File, Format Version 12.00
# Visual Studio Version 17
VisualStudioVersion = 17.14.36811.4 d17.14
MinimumVisualStudioVersion = 10.0.40219.1
Project("{FAE04EC0-301F-11D3-BF4B-00C04F79EFBC}") = "HRMS", "HRMS.csproj", "{8BAC41DD-6913-4E16-9C91-F506B8A9BAD6}"
EndProject
Global
	GlobalSection(SolutionConfigurationPlatforms) = preSolution
		Debug|Any CPU = Debug|Any CPU
		Release|Any CPU = Release|Any CPU
	EndGlobalSection
	GlobalSection(ProjectConfigurationPlatforms) = postSolution
		{8BAC41DD-6913-4E16-9C91-F506B8A9BAD6}.Debug|Any CPU.ActiveCfg = Debug|Any CPU
		{8BAC41DD-6913-4E16-9C91-F506B8A9BAD6}.Debug|Any CPU.Build.0 = Debug|Any CPU
		{8BAC41DD-6913-4E16-9C91-F506B8A9BAD6}.Release|Any CPU.ActiveCfg = Release|Any CPU
		{8BAC41DD-6913-4E16-9C91-F506B8A9BAD6}.Release|Any CPU.Build.0 = Release|Any CPU
	EndGlobalSection
	GlobalSection(SolutionProperties) = preSolution
		HideSolutionNode = FALSE
	EndGlobalSection
	GlobalSection(ExtensibilityGlobals) = postSolution
		SolutionGuid = {549FB53A-3C8F-4CD7-8EBA-E53D6FFBEE47}
	EndGlobalSection
EndGlobal
